
Microsoft Visual Studio Solution File, Format Version 12.00
# Visual Studio Version 16
VisualStudioVersion = 16.0.31402.337
MinimumVisualStudioVersion = 10.0.40219.1
Project("{FAE04EC0-301F-11D3-BF4B-00C04F79EFBC}") = "WindowsApplication1", "WindowsApplication1.csproj", "{73D627F8-B196-462C-9460-782E801503DB}"
EndProject
Global
	GlobalSection(SolutionConfigurationPlatforms) = preSolution
		Debug|Any CPU = Debug|Any CPU
		Release|Any CPU = Release|Any CPU
	EndGlobalSection
	GlobalSection(ProjectConfigurationPlatforms) = postSolution
		{73D627F8-B196-462C-9460-782E801503DB}.Debug|Any CPU.ActiveCfg = Debug|Any CPU
		{73D627F8-B196-462C-9460-782E801503DB}.Debug|Any CPU.Build.0 = Debug|Any CPU
		{73D627F8-B196-462C-9460-782E801503DB}.Release|Any CPU.ActiveCfg = Release|Any CPU
		{73D627F8-B196-462C-9460-782E801503DB}.Release|Any CPU.Build.0 = Release|Any CPU
	EndGlobalSection
	GlobalSection(SolutionProperties) = preSolution
		HideSolutionNode = FALSE
	EndGlobalSection
	GlobalSection(ExtensibilityGlobals) = postSolution
		SolutionGuid = {872B75F5-4C7B-4A6F-84B0-2C5B5B91EF4A}
	EndGlobalSection
EndGlobal
